
Microsoft Visual Studio Solution File, Format Version 12.00
# Visual Studio Version 17
VisualStudioVersion = 17.10.34928.147
MinimumVisualStudioVersion = 10.0.40219.1
Project("{FAE04EC0-301F-11D3-BF4B-00C04F79EFBC}") = "Library", "Library.csproj", "{2940672E-FCDB-4D1B-BDAB-9D6980C47EBE}"
EndProject
Global
	GlobalSection(SolutionConfigurationPlatforms) = preSolution
		Debug|Any CPU = Debug|Any CPU
		Release|Any CPU = Release|Any CPU
	EndGlobalSection
	GlobalSection(ProjectConfigurationPlatforms) = postSolution
		{2940672E-FCDB-4D1B-BDAB-9D6980C47EBE}.Debug|Any CPU.ActiveCfg = Debug|Any CPU
		{2940672E-FCDB-4D1B-BDAB-9D6980C47EBE}.Debug|Any CPU.Build.0 = Debug|Any CPU
		{2940672E-FCDB-4D1B-BDAB-9D6980C47EBE}.Release|Any CPU.ActiveCfg = Release|Any CPU
		{2940672E-FCDB-4D1B-BDAB-9D6980C47EBE}.Release|Any CPU.Build.0 = Release|Any CPU
	EndGlobalSection
	GlobalSection(SolutionProperties) = preSolution
		HideSolutionNode = FALSE
	EndGlobalSection
	GlobalSection(ExtensibilityGlobals) = postSolution
		SolutionGuid = {54C0CF48-22BA-40C9-A93E-FC5EFAD4E84F}
	EndGlobalSection
EndGlobal
